PODS:
  - Flutter (1.0.0)
  - shared_preferences_ios (0.0.1):
    - Flutter

DEPENDENCIES:
  - Flutter (from `Flutter`)
  - shared_preferences_ios (from `.symlinks/plugins/shared_preferences_ios/ios`)

EXTERNAL SOURCES:
  Flutter:
    :path: Flutter
  shared_preferences_ios:
    :path: ".symlinks/plugins/shared_preferences_ios/ios"

SPEC CHECKSUMS:
  Flutter: f04841e97a9d0b0a8025694d0796dd46242b2854
  shared_preferences_ios: 548a61f8053b9b8a49ac19c1ffbc8b92c50d68ad

PODFILE CHECKSUM: a56032f44f4d40b0a901ccf2b5c27cfd5e953d53

COCOAPODS: 1.11.3
